
Microsoft Visual Studio Solution File, Format Version 12.00
# Visual Studio 15
VisualStudioVersion = 15.0.27004.2002
MinimumVisualStudioVersion = 10.0.40219.1
Project("{FAE04EC0-301F-11D3-BF4B-00C04F79EFBC}") = "Ecobiofarm", "Ecobiofarm\Ecobiofarm.csproj", "{65BD1372-90DA-4239-96DD-5D860B5D7614}"
EndProject
Project("{FAE04EC0-301F-11D3-BF4B-00C04F79EFBC}") = "Ecobiofarm.Data", "Ecobiofarm.Data\Ecobiofarm.Data.csproj", "{E346F3B9-5095-415E-8B4D-BDCE35B5E8A0}"
EndProject
Project("{2150E333-8FDC-42A3-9474-1A3956D46DE8}") = "Data", "Data", "{5ADAFA9A-1318-435B-B4F0-EF1B4428F416}"
EndProject
Project("{FAE04EC0-301F-11D3-BF4B-00C04F79EFBC}") = "Ecobiofarm.Core", "Ecobiofarm.Core\Ecobiofarm.Core.csproj", "{C9F64933-115B-4A9C-923E-9E5B982FD992}"
EndProject
Global
	GlobalSection(SolutionConfigurationPlatforms) = preSolution
		Debug|Any CPU = Debug|Any CPU
		Release|Any CPU = Release|Any CPU
	EndGlobalSection
	GlobalSection(ProjectConfigurationPlatforms) = postSolution
		{65BD1372-90DA-4239-96DD-5D860B5D7614}.Debug|Any CPU.ActiveCfg = Debug|Any CPU
		{65BD1372-90DA-4239-96DD-5D860B5D7614}.Debug|Any CPU.Build.0 = Debug|Any CPU
		{65BD1372-90DA-4239-96DD-5D860B5D7614}.Release|Any CPU.ActiveCfg = Release|Any CPU
		{65BD1372-90DA-4239-96DD-5D860B5D7614}.Release|Any CPU.Build.0 = Release|Any CPU
		{E346F3B9-5095-415E-8B4D-BDCE35B5E8A0}.Debug|Any CPU.ActiveCfg = Debug|Any CPU
		{E346F3B9-5095-415E-8B4D-BDCE35B5E8A0}.Debug|Any CPU.Build.0 = Debug|Any CPU
		{E346F3B9-5095-415E-8B4D-BDCE35B5E8A0}.Release|Any CPU.ActiveCfg = Release|Any CPU
		{E346F3B9-5095-415E-8B4D-BDCE35B5E8A0}.Release|Any CPU.Build.0 = Release|Any CPU
		{C9F64933-115B-4A9C-923E-9E5B982FD992}.Debug|Any CPU.ActiveCfg = Debug|Any CPU
		{C9F64933-115B-4A9C-923E-9E5B982FD992}.Debug|Any CPU.Build.0 = Debug|Any CPU
		{C9F64933-115B-4A9C-923E-9E5B982FD992}.Release|Any CPU.ActiveCfg = Release|Any CPU
		{C9F64933-115B-4A9C-923E-9E5B982FD992}.Release|Any CPU.Build.0 = Release|Any CPU
	EndGlobalSection
	GlobalSection(SolutionProperties) = preSolution
		HideSolutionNode = FALSE
	EndGlobalSection
	GlobalSection(NestedProjects) = preSolution
		{E346F3B9-5095-415E-8B4D-BDCE35B5E8A0} = {5ADAFA9A-1318-435B-B4F0-EF1B4428F416}
		{C9F64933-115B-4A9C-923E-9E5B982FD992} = {5ADAFA9A-1318-435B-B4F0-EF1B4428F416}
	EndGlobalSection
	GlobalSection(ExtensibilityGlobals) = postSolution
		SolutionGuid = {871DA7B0-1DFD-45A1-930C-FEB312BC1698}
	EndGlobalSection
EndGlobal
